// !$*UTF8*$!
{
	archiveVersion = 1;
	classes = {
	};
	objectVersion = 52;
	objects = {

/* Begin PBXBuildFile section */
		6A476A8225339BE500B6FD16 /* MoviesMain.swift in Sources */ = {isa = PBXBuildFile; fileRef = 6A476A8125339BE500B6FD16 /* MoviesMain.swift */; };
		6A476A8525339C6100B6FD16 /* MoviesResult.swift in Sources */ = {isa = PBXBuildFile; fileRef = 6A476A8425339C6100B6FD16 /* MoviesResult.swift */; };
		6A476A982533A3CD00B6FD16 /* Infra.framework in Frameworks */ = {isa = PBXBuildFile; fileRef = 6A476A8F2533A3CD00B6FD16 /* Infra.framework */; };
		6A476A9D2533A3CD00B6FD16 /* InfraTests.swift in Sources */ = {isa = PBXBuildFile; fileRef = 6A476A9C2533A3CD00B6FD16 /* InfraTests.swift */; };
		6A476AAE2533A51D00B6FD16 /* Alamofire in Frameworks */ = {isa = PBXBuildFile; productRef = 6A476AAD2533A51D00B6FD16 /* Alamofire */; };
		6A476AB32533A56300B6FD16 /* HttpService.swift in Sources */ = {isa = PBXBuildFile; fileRef = 6A476AB22533A56300B6FD16 /* HttpService.swift */; };
		6A476AB82533A5CA00B6FD16 /* HttpError.swift in Sources */ = {isa = PBXBuildFile; fileRef = 6A476AB72533A5CA00B6FD16 /* HttpError.swift */; };
		6A476ABD2533A63B00B6FD16 /* UrlProtocolStub.swift in Sources */ = {isa = PBXBuildFile; fileRef = 6A476ABC2533A63B00B6FD16 /* UrlProtocolStub.swift */; };
		6A476AC52533A66500B6FD16 /* TestFactories.swift in Sources */ = {isa = PBXBuildFile; fileRef = 6A476AC42533A66500B6FD16 /* TestFactories.swift */; };
		6A7D2B152533B48700CF408A /* ViewModel.framework in Frameworks */ = {isa = PBXBuildFile; fileRef = 6A7D2B0C2533B48600CF408A /* ViewModel.framework */; };
		6A7D2B1A2533B48700CF408A /* ViewModelTests.swift in Sources */ = {isa = PBXBuildFile; fileRef = 6A7D2B192533B48700CF408A /* ViewModelTests.swift */; };
		6A7D2B3A2533B56400CF408A /* MoviesMainViewModel.swift in Sources */ = {isa = PBXBuildFile; fileRef = 6A7D2B392533B56400CF408A /* MoviesMainViewModel.swift */; };
		6A7D2B412533B5FA00CF408A /* Model.framework in Frameworks */ = {isa = PBXBuildFile; fileRef = 6A476A6D253396A400B6FD16 /* Model.framework */; };
		6A7D2B422533B5FA00CF408A /* Model.framework in Embed Frameworks */ = {isa = PBXBuildFile; fileRef = 6A476A6D253396A400B6FD16 /* Model.framework */; settings = {ATTRIBUTES = (CodeSignOnCopy, RemoveHeadersOnCopy, ); }; };
		6A7D2B4C2533B8DB00CF408A /* RxSwift in Frameworks */ = {isa = PBXBuildFile; productRef = 6A7D2B4B2533B8DB00CF408A /* RxSwift */; };
		6A7D2B4E2533B8DB00CF408A /* RxCocoa in Frameworks */ = {isa = PBXBuildFile; productRef = 6A7D2B4D2533B8DB00CF408A /* RxCocoa */; };
		6A7D2B532535DD3D00CF408A /* Infra.framework in Frameworks */ = {isa = PBXBuildFile; fileRef = 6A476A8F2533A3CD00B6FD16 /* Infra.framework */; };
		6A7D2B542535DD3D00CF408A /* Infra.framework in Embed Frameworks */ = {isa = PBXBuildFile; fileRef = 6A476A8F2533A3CD00B6FD16 /* Infra.framework */; settings = {ATTRIBUTES = (CodeSignOnCopy, RemoveHeadersOnCopy, ); }; };
		6A7D2BA02535E8F500CF408A /* UrlProtocolStub.swift in Sources */ = {isa = PBXBuildFile; fileRef = 6A7D2B9F2535E8F500CF408A /* UrlProtocolStub.swift */; };
		6A7D2BA62535E92600CF408A /* MoviesViewModelSpy.swift in Sources */ = {isa = PBXBuildFile; fileRef = 6A7D2BA52535E92600CF408A /* MoviesViewModelSpy.swift */; };
		6A7D2BCC2535F33200CF408A /* Model.swift in Sources */ = {isa = PBXBuildFile; fileRef = 6A7D2BCB2535F33200CF408A /* Model.swift */; };
		6A7D2BE02535F5C700CF408A /* AppDelegate.swift in Sources */ = {isa = PBXBuildFile; fileRef = 6A7D2BDF2535F5C700CF408A /* AppDelegate.swift */; };
		6A7D2BE22535F5C700CF408A /* SceneDelegate.swift in Sources */ = {isa = PBXBuildFile; fileRef = 6A7D2BE12535F5C700CF408A /* SceneDelegate.swift */; };
		6A7D2BE42535F5C700CF408A /* MainMoviesViewController.swift in Sources */ = {isa = PBXBuildFile; fileRef = 6A7D2BE32535F5C700CF408A /* MainMoviesViewController.swift */; };
		6A7D2BE72535F5C700CF408A /* Main.storyboard in Resources */ = {isa = PBXBuildFile; fileRef = 6A7D2BE52535F5C700CF408A /* Main.storyboard */; };
		6A7D2BE92535F5CD00CF408A /* Assets.xcassets in Resources */ = {isa = PBXBuildFile; fileRef = 6A7D2BE82535F5CD00CF408A /* Assets.xcassets */; };
		6A7D2BEC2535F5CD00CF408A /* LaunchScreen.storyboard in Resources */ = {isa = PBXBuildFile; fileRef = 6A7D2BEA2535F5CD00CF408A /* LaunchScreen.storyboard */; };
		6A7D2BF72535F5CD00CF408A /* ViewTests.swift in Sources */ = {isa = PBXBuildFile; fileRef = 6A7D2BF62535F5CD00CF408A /* ViewTests.swift */; };
		6A7D2C022535F5CD00CF408A /* ViewUITests.swift in Sources */ = {isa = PBXBuildFile; fileRef = 6A7D2C012535F5CD00CF408A /* ViewUITests.swift */; };
		6A7D2C142535F60A00CF408A /* ViewModel.framework in Frameworks */ = {isa = PBXBuildFile; fileRef = 6A7D2B0C2533B48600CF408A /* ViewModel.framework */; };
		6A7D2C152535F60B00CF408A /* ViewModel.framework in Embed Frameworks */ = {isa = PBXBuildFile; fileRef = 6A7D2B0C2533B48600CF408A /* ViewModel.framework */; settings = {ATTRIBUTES = (CodeSignOnCopy, RemoveHeadersOnCopy, ); }; };
		6A7D2C232535F6E900CF408A /* Detail.storyboard in Resources */ = {isa = PBXBuildFile; fileRef = 6A7D2C222535F6E900CF408A /* Detail.storyboard */; };
		6A7D2C2B2535F71200CF408A /* Favorite.storyboard in Resources */ = {isa = PBXBuildFile; fileRef = 6A7D2C2A2535F71200CF408A /* Favorite.storyboard */; };
		6A7D2C46253623FC00CF408A /* Kingfisher in Frameworks */ = {isa = PBXBuildFile; productRef = 6A7D2C45253623FC00CF408A /* Kingfisher */; };
		6A7D2C4F2536263600CF408A /* CollectionViewCell.swift in Sources */ = {isa = PBXBuildFile; fileRef = 6A7D2C4E2536263600CF408A /* CollectionViewCell.swift */; };
		6A7D2CCE25376B2000CF408A /* Infra.framework in Frameworks */ = {isa = PBXBuildFile; fileRef = 6A476A8F2533A3CD00B6FD16 /* Infra.framework */; };
		6A7D2CCF25376B2100CF408A /* Infra.framework in Embed Frameworks */ = {isa = PBXBuildFile; fileRef = 6A476A8F2533A3CD00B6FD16 /* Infra.framework */; settings = {ATTRIBUTES = (CodeSignOnCopy, RemoveHeadersOnCopy, ); }; };
		6A7D2CDE25376F7500CF408A /* Model.framework in Frameworks */ = {isa = PBXBuildFile; fileRef = 6A476A6D253396A400B6FD16 /* Model.framework */; };
		6A7D2CDF25376F7500CF408A /* Model.framework in Embed Frameworks */ = {isa = PBXBuildFile; fileRef = 6A476A6D253396A400B6FD16 /* Model.framework */; settings = {ATTRIBUTES = (CodeSignOnCopy, RemoveHeadersOnCopy, ); }; };
/* End PBXBuildFile section */

/* Begin PBXContainerItemProxy section */
		6A476A992533A3CD00B6FD16 /* PBXContainerItemProxy */ = {
			isa = PBXContainerItemProxy;
			containerPortal = 6A621E712311CBE300F644BD /* Project object */;
			proxyType = 1;
			remoteGlobalIDString = 6A476A8E2533A3CD00B6FD16;
			remoteInfo = Infra;
		};
		6A7D2B162533B48700CF408A /* PBXContainerItemProxy */ = {
			isa = PBXContainerItemProxy;
			containerPortal = 6A621E712311CBE300F644BD /* Project object */;
			proxyType = 1;
			remoteGlobalIDString = 6A7D2B0B2533B48600CF408A;
			remoteInfo = ViewModel;
		};
		6A7D2B432533B5FA00CF408A /* PBXContainerItemProxy */ = {
			isa = PBXContainerItemProxy;
			containerPortal = 6A621E712311CBE300F644BD /* Project object */;
			proxyType = 1;
			remoteGlobalIDString = 6A476A6C253396A400B6FD16;
			remoteInfo = Model;
		};
		6A7D2B552535DD3D00CF408A /* PBXContainerItemProxy */ = {
			isa = PBXContainerItemProxy;
			containerPortal = 6A621E712311CBE300F644BD /* Project object */;
			proxyType = 1;
			remoteGlobalIDString = 6A476A8E2533A3CD00B6FD16;
			remoteInfo = Infra;
		};
		6A7D2BF32535F5CD00CF408A /* PBXContainerItemProxy */ = {
			isa = PBXContainerItemProxy;
			containerPortal = 6A621E712311CBE300F644BD /* Project object */;
			proxyType = 1;
			remoteGlobalIDString = 6A7D2BDC2535F5C700CF408A;
			remoteInfo = View;
		};
		6A7D2BFE2535F5CD00CF408A /* PBXContainerItemProxy */ = {
			isa = PBXContainerItemProxy;
			containerPortal = 6A621E712311CBE300F644BD /* Project object */;
			proxyType = 1;
			remoteGlobalIDString = 6A7D2BDC2535F5C700CF408A;
			remoteInfo = View;
		};
		6A7D2C162535F60B00CF408A /* PBXContainerItemProxy */ = {
			isa = PBXContainerItemProxy;
			containerPortal = 6A621E712311CBE300F644BD /* Project object */;
			proxyType = 1;
			remoteGlobalIDString = 6A7D2B0B2533B48600CF408A;
			remoteInfo = ViewModel;
		};
		6A7D2CD025376B2100CF408A /* PBXContainerItemProxy */ = {
			isa = PBXContainerItemProxy;
			containerPortal = 6A621E712311CBE300F644BD /* Project object */;
			proxyType = 1;
			remoteGlobalIDString = 6A476A8E2533A3CD00B6FD16;
			remoteInfo = Infra;
		};
		6A7D2CE025376F7500CF408A /* PBXContainerItemProxy */ = {
			isa = PBXContainerItemProxy;
			containerPortal = 6A621E712311CBE300F644BD /* Project object */;
			proxyType = 1;
			remoteGlobalIDString = 6A476A6C253396A400B6FD16;
			remoteInfo = Model;
		};
/* End PBXContainerItemProxy section */

/* Begin PBXCopyFilesBuildPhase section */
		6A7D2B452533B5FA00CF408A /* Embed Frameworks */ = {
			isa = PBXCopyFilesBuildPhase;
			buildActionMask = 2147483647;
			dstPath = "";
			dstSubfolderSpec = 10;
			files = (
				6A7D2B422533B5FA00CF408A /* Model.framework in Embed Frameworks */,
				6A7D2B542535DD3D00CF408A /* Infra.framework in Embed Frameworks */,
			);
			name = "Embed Frameworks";
			runOnlyForDeploymentPostprocessing = 0;
		};
		6A7D2C182535F60B00CF408A /* Embed Frameworks */ = {
			isa = PBXCopyFilesBuildPhase;
			buildActionMask = 2147483647;
			dstPath = "";
			dstSubfolderSpec = 10;
			files = (
				6A7D2C152535F60B00CF408A /* ViewModel.framework in Embed Frameworks */,
				6A7D2CDF25376F7500CF408A /* Model.framework in Embed Frameworks */,
				6A7D2CCF25376B2100CF408A /* Infra.framework in Embed Frameworks */,
			);
			name = "Embed Frameworks";
			runOnlyForDeploymentPostprocessing = 0;
		};
/* End PBXCopyFilesBuildPhase section */

/* Begin PBXFileReference section */
		6A476A6D253396A400B6FD16 /* Model.framework */ = {isa = PBXFileReference; explicitFileType = wrapper.framework; includeInIndex = 0; path = Model.framework; sourceTree = BUILT_PRODUCTS_DIR; };
		6A476A70253396A400B6FD16 /* Info.plist */ = {isa = PBXFileReference; lastKnownFileType = text.plist.xml; path = Info.plist; sourceTree = "<group>"; };
		6A476A8125339BE500B6FD16 /* MoviesMain.swift */ = {isa = PBXFileReference; lastKnownFileType = sourcecode.swift; path = MoviesMain.swift; sourceTree = "<group>"; };
		6A476A8425339C6100B6FD16 /* MoviesResult.swift */ = {isa = PBXFileReference; lastKnownFileType = sourcecode.swift; path = MoviesResult.swift; sourceTree = "<group>"; };
		6A476A8F2533A3CD00B6FD16 /* Infra.framework */ = {isa = PBXFileReference; explicitFileType = wrapper.framework; includeInIndex = 0; path = Infra.framework; sourceTree = BUILT_PRODUCTS_DIR; };
		6A476A922533A3CD00B6FD16 /* Info.plist */ = {isa = PBXFileReference; lastKnownFileType = text.plist.xml; path = Info.plist; sourceTree = "<group>"; };
		6A476A972533A3CD00B6FD16 /* InfraTests.xctest */ = {isa = PBXFileReference; explicitFileType = wrapper.cfbundle; includeInIndex = 0; path = InfraTests.xctest; sourceTree = BUILT_PRODUCTS_DIR; };
		6A476A9C2533A3CD00B6FD16 /* InfraTests.swift */ = {isa = PBXFileReference; lastKnownFileType = sourcecode.swift; path = InfraTests.swift; sourceTree = "<group>"; };
		6A476A9E2533A3CD00B6FD16 /* Info.plist */ = {isa = PBXFileReference; lastKnownFileType = text.plist.xml; path = Info.plist; sourceTree = "<group>"; };
		6A476AB22533A56300B6FD16 /* HttpService.swift */ = {isa = PBXFileReference; lastKnownFileType = sourcecode.swift; path = HttpService.swift; sourceTree = "<group>"; };
		6A476AB72533A5CA00B6FD16 /* HttpError.swift */ = {isa = PBXFileReference; lastKnownFileType = sourcecode.swift; path = HttpError.swift; sourceTree = "<group>"; };
		6A476ABC2533A63B00B6FD16 /* UrlProtocolStub.swift */ = {isa = PBXFileReference; lastKnownFileType = sourcecode.swift; path = UrlProtocolStub.swift; sourceTree = "<group>"; };
		6A476AC42533A66500B6FD16 /* TestFactories.swift */ = {isa = PBXFileReference; lastKnownFileType = sourcecode.swift; path = TestFactories.swift; sourceTree = "<group>"; };
		6A7D2B0C2533B48600CF408A /* ViewModel.framework */ = {isa = PBXFileReference; explicitFileType = wrapper.framework; includeInIndex = 0; path = ViewModel.framework; sourceTree = BUILT_PRODUCTS_DIR; };
		6A7D2B0F2533B48600CF408A /* Info.plist */ = {isa = PBXFileReference; lastKnownFileType = text.plist.xml; path = Info.plist; sourceTree = "<group>"; };
		6A7D2B142533B48700CF408A /* ViewModelTests.xctest */ = {isa = PBXFileReference; explicitFileType = wrapper.cfbundle; includeInIndex = 0; path = ViewModelTests.xctest; sourceTree = BUILT_PRODUCTS_DIR; };
		6A7D2B192533B48700CF408A /* ViewModelTests.swift */ = {isa = PBXFileReference; lastKnownFileType = sourcecode.swift; path = ViewModelTests.swift; sourceTree = "<group>"; };
		6A7D2B1B2533B48700CF408A /* Info.plist */ = {isa = PBXFileReference; lastKnownFileType = text.plist.xml; path = Info.plist; sourceTree = "<group>"; };
		6A7D2B392533B56400CF408A /* MoviesMainViewModel.swift */ = {isa = PBXFileReference; lastKnownFileType = sourcecode.swift; path = MoviesMainViewModel.swift; sourceTree = "<group>"; };
		6A7D2B9F2535E8F500CF408A /* UrlProtocolStub.swift */ = {isa = PBXFileReference; lastKnownFileType = sourcecode.swift; path = UrlProtocolStub.swift; sourceTree = "<group>"; };
		6A7D2BA52535E92600CF408A /* MoviesViewModelSpy.swift */ = {isa = PBXFileReference; lastKnownFileType = sourcecode.swift; path = MoviesViewModelSpy.swift; sourceTree = "<group>"; };
		6A7D2BCB2535F33200CF408A /* Model.swift */ = {isa = PBXFileReference; lastKnownFileType = sourcecode.swift; path = Model.swift; sourceTree = "<group>"; };
		6A7D2BDD2535F5C700CF408A /* View.app */ = {isa = PBXFileReference; explicitFileType = wrapper.application; includeInIndex = 0; path = View.app; sourceTree = BUILT_PRODUCTS_DIR; };
		6A7D2BDF2535F5C700CF408A /* AppDelegate.swift */ = {isa = PBXFileReference; lastKnownFileType = sourcecode.swift; path = AppDelegate.swift; sourceTree = "<group>"; };
		6A7D2BE12535F5C700CF408A /* SceneDelegate.swift */ = {isa = PBXFileReference; lastKnownFileType = sourcecode.swift; path = SceneDelegate.swift; sourceTree = "<group>"; };
		6A7D2BE32535F5C700CF408A /* MainMoviesViewController.swift */ = {isa = PBXFileReference; lastKnownFileType = sourcecode.swift; path = MainMoviesViewController.swift; sourceTree = "<group>"; };
		6A7D2BE62535F5C700CF408A /* Base */ = {isa = PBXFileReference; lastKnownFileType = file.storyboard; name = Base; path = Base.lproj/Main.storyboard; sourceTree = "<group>"; };
		6A7D2BE82535F5CD00CF408A /* Assets.xcassets */ = {isa = PBXFileReference; lastKnownFileType = folder.assetcatalog; path = Assets.xcassets; sourceTree = "<group>"; };
		6A7D2BEB2535F5CD00CF408A /* Base */ = {isa = PBXFileReference; lastKnownFileType = file.storyboard; name = Base; path = Base.lproj/LaunchScreen.storyboard; sourceTree = "<group>"; };
		6A7D2BED2535F5CD00CF408A /* Info.plist */ = {isa = PBXFileReference; lastKnownFileType = text.plist.xml; path = Info.plist; sourceTree = "<group>"; };
		6A7D2BF22535F5CD00CF408A /* ViewTests.xctest */ = {isa = PBXFileReference; explicitFileType = wrapper.cfbundle; includeInIndex = 0; path = ViewTests.xctest; sourceTree = BUILT_PRODUCTS_DIR; };
		6A7D2BF62535F5CD00CF408A /* ViewTests.swift */ = {isa = PBXFileReference; lastKnownFileType = sourcecode.swift; path = ViewTests.swift; sourceTree = "<group>"; };
		6A7D2BF82535F5CD00CF408A /* Info.plist */ = {isa = PBXFileReference; lastKnownFileType = text.plist.xml; path = Info.plist; sourceTree = "<group>"; };
		6A7D2BFD2535F5CD00CF408A /* ViewUITests.xctest */ = {isa = PBXFileReference; explicitFileType = wrapper.cfbundle; includeInIndex = 0; path = ViewUITests.xctest; sourceTree = BUILT_PRODUCTS_DIR; };
		6A7D2C012535F5CD00CF408A /* ViewUITests.swift */ = {isa = PBXFileReference; lastKnownFileType = sourcecode.swift; path = ViewUITests.swift; sourceTree = "<group>"; };
		6A7D2C032535F5CD00CF408A /* Info.plist */ = {isa = PBXFileReference; lastKnownFileType = text.plist.xml; path = Info.plist; sourceTree = "<group>"; };
		6A7D2C222535F6E900CF408A /* Detail.storyboard */ = {isa = PBXFileReference; lastKnownFileType = file.storyboard; path = Detail.storyboard; sourceTree = "<group>"; };
		6A7D2C2A2535F71200CF408A /* Favorite.storyboard */ = {isa = PBXFileReference; lastKnownFileType = file.storyboard; path = Favorite.storyboard; sourceTree = "<group>"; };
		6A7D2C4E2536263600CF408A /* CollectionViewCell.swift */ = {isa = PBXFileReference; lastKnownFileType = sourcecode.swift; path = CollectionViewCell.swift; sourceTree = "<group>"; };
/* End PBXFileReference section */

/* Begin PBXFrameworksBuildPhase section */
		6A476A6A253396A400B6FD16 /* Frameworks */ = {
			isa = PBXFrameworksBuildPhase;
			buildActionMask = 2147483647;
			files = (
			);
			runOnlyForDeploymentPostprocessing = 0;
		};
		6A476A8C2533A3CD00B6FD16 /* Frameworks */ = {
			isa = PBXFrameworksBuildPhase;
			buildActionMask = 2147483647;
			files = (
				6A7D2C46253623FC00CF408A /* Kingfisher in Frameworks */,
				6A7D2B4E2533B8DB00CF408A /* RxCocoa in Frameworks */,
				6A7D2B4C2533B8DB00CF408A /* RxSwift in Frameworks */,
				6A476AAE2533A51D00B6FD16 /* Alamofire in Frameworks */,
			);
			runOnlyForDeploymentPostprocessing = 0;
		};
		6A476A942533A3CD00B6FD16 /* Frameworks */ = {
			isa = PBXFrameworksBuildPhase;
			buildActionMask = 2147483647;
			files = (
				6A476A982533A3CD00B6FD16 /* Infra.framework in Frameworks */,
			);
			runOnlyForDeploymentPostprocessing = 0;
		};
		6A7D2B092533B48600CF408A /* Frameworks */ = {
			isa = PBXFrameworksBuildPhase;
			buildActionMask = 2147483647;
			files = (
				6A7D2B412533B5FA00CF408A /* Model.framework in Frameworks */,
				6A7D2B532535DD3D00CF408A /* Infra.framework in Frameworks */,
			);
			runOnlyForDeploymentPostprocessing = 0;
		};
		6A7D2B112533B48700CF408A /* Frameworks */ = {
			isa = PBXFrameworksBuildPhase;
			buildActionMask = 2147483647;
			files = (
				6A7D2B152533B48700CF408A /* ViewModel.framework in Frameworks */,
			);
			runOnlyForDeploymentPostprocessing = 0;
		};
		6A7D2BDA2535F5C700CF408A /* Frameworks */ = {
			isa = PBXFrameworksBuildPhase;
			buildActionMask = 2147483647;
			files = (
				6A7D2C142535F60A00CF408A /* ViewModel.framework in Frameworks */,
				6A7D2CDE25376F7500CF408A /* Model.framework in Frameworks */,
				6A7D2CCE25376B2000CF408A /* Infra.framework in Frameworks */,
			);
			runOnlyForDeploymentPostprocessing = 0;
		};
		6A7D2BEF2535F5CD00CF408A /* Frameworks */ = {
			isa = PBXFrameworksBuildPhase;
			buildActionMask = 2147483647;
			files = (
			);
			runOnlyForDeploymentPostprocessing = 0;
		};
		6A7D2BFA2535F5CD00CF408A /* Frameworks */ = {
			isa = PBXFrameworksBuildPhase;
			buildActionMask = 2147483647;
			files = (
			);
			runOnlyForDeploymentPostprocessing = 0;
		};
/* End PBXFrameworksBuildPhase section */

/* Begin PBXGroup section */
		6A476A6E253396A400B6FD16 /* Model */ = {
			isa = PBXGroup;
			children = (
				6A7D2B322533B54300CF408A /* Main */,
				6A7D2BCB2535F33200CF408A /* Model.swift */,
				6A476A70253396A400B6FD16 /* Info.plist */,
			);
			path = Model;
			sourceTree = "<group>";
		};
		6A476A902533A3CD00B6FD16 /* Infra */ = {
			isa = PBXGroup;
			children = (
				6A476AB22533A56300B6FD16 /* HttpService.swift */,
				6A476AB72533A5CA00B6FD16 /* HttpError.swift */,
				6A476A922533A3CD00B6FD16 /* Info.plist */,
			);
			path = Infra;
			sourceTree = "<group>";
		};
		6A476A9B2533A3CD00B6FD16 /* InfraTests */ = {
			isa = PBXGroup;
			children = (
				6A476A9C2533A3CD00B6FD16 /* InfraTests.swift */,
				6A476ABC2533A63B00B6FD16 /* UrlProtocolStub.swift */,
				6A476AC42533A66500B6FD16 /* TestFactories.swift */,
				6A476A9E2533A3CD00B6FD16 /* Info.plist */,
			);
			path = InfraTests;
			sourceTree = "<group>";
		};
		6A621E702311CBE300F644BD = {
			isa = PBXGroup;
			children = (
				6A476A6E253396A400B6FD16 /* Model */,
				6A476A902533A3CD00B6FD16 /* Infra */,
				6A476A9B2533A3CD00B6FD16 /* InfraTests */,
				6A7D2B0D2533B48600CF408A /* ViewModel */,
				6A7D2B182533B48700CF408A /* ViewModelTests */,
				6A7D2BDE2535F5C700CF408A /* View */,
				6A7D2BF52535F5CD00CF408A /* ViewTests */,
				6A7D2C002535F5CD00CF408A /* ViewUITests */,
				6A621E7A2311CBE300F644BD /* Products */,
				6A7D2B402533B5FA00CF408A /* Frameworks */,
			);
			sourceTree = "<group>";
		};
		6A621E7A2311CBE300F644BD /* Products */ = {
			isa = PBXGroup;
			children = (
				6A476A6D253396A400B6FD16 /* Model.framework */,
				6A476A8F2533A3CD00B6FD16 /* Infra.framework */,
				6A476A972533A3CD00B6FD16 /* InfraTests.xctest */,
				6A7D2B0C2533B48600CF408A /* ViewModel.framework */,
				6A7D2B142533B48700CF408A /* ViewModelTests.xctest */,
				6A7D2BDD2535F5C700CF408A /* View.app */,
				6A7D2BF22535F5CD00CF408A /* ViewTests.xctest */,
				6A7D2BFD2535F5CD00CF408A /* ViewUITests.xctest */,
			);
			name = Products;
			sourceTree = "<group>";
		};
		6A7D2B0D2533B48600CF408A /* ViewModel */ = {
			isa = PBXGroup;
			children = (
				6A7D2B382533B55000CF408A /* Main */,
				6A7D2B0F2533B48600CF408A /* Info.plist */,
			);
			path = ViewModel;
			sourceTree = "<group>";
		};
		6A7D2B182533B48700CF408A /* ViewModelTests */ = {
			isa = PBXGroup;
			children = (
				6A7D2B192533B48700CF408A /* ViewModelTests.swift */,
				6A7D2B9F2535E8F500CF408A /* UrlProtocolStub.swift */,
				6A7D2BA52535E92600CF408A /* MoviesViewModelSpy.swift */,
				6A7D2B1B2533B48700CF408A /* Info.plist */,
			);
			path = ViewModelTests;
			sourceTree = "<group>";
		};
		6A7D2B322533B54300CF408A /* Main */ = {
			isa = PBXGroup;
			children = (
				6A476A8125339BE500B6FD16 /* MoviesMain.swift */,
				6A476A8425339C6100B6FD16 /* MoviesResult.swift */,
			);
			path = Main;
			sourceTree = "<group>";
		};
		6A7D2B382533B55000CF408A /* Main */ = {
			isa = PBXGroup;
			children = (
				6A7D2B392533B56400CF408A /* MoviesMainViewModel.swift */,
			);
			path = Main;
			sourceTree = "<group>";
		};
		6A7D2B402533B5FA00CF408A /* Frameworks */ = {
			isa = PBXGroup;
			children = (
			);
			name = Frameworks;
			sourceTree = "<group>";
		};
		6A7D2BDE2535F5C700CF408A /* View */ = {
			isa = PBXGroup;
			children = (
				6A7D2C4D253625ED00CF408A /* Cells */,
				6A7D2C212535F65200CF408A /* Controllers */,
				6A7D2C202535F63200CF408A /* Storyboards */,
				6A7D2C192535F61A00CF408A /* Supporting Files */,
				6A7D2BED2535F5CD00CF408A /* Info.plist */,
			);
			path = View;
			sourceTree = "<group>";
		};
		6A7D2BF52535F5CD00CF408A /* ViewTests */ = {
			isa = PBXGroup;
			children = (
				6A7D2BF62535F5CD00CF408A /* ViewTests.swift */,
				6A7D2BF82535F5CD00CF408A /* Info.plist */,
			);
			path = ViewTests;
			sourceTree = "<group>";
		};
		6A7D2C002535F5CD00CF408A /* ViewUITests */ = {
			isa = PBXGroup;
			children = (
				6A7D2C012535F5CD00CF408A /* ViewUITests.swift */,
				6A7D2C032535F5CD00CF408A /* Info.plist */,
			);
			path = ViewUITests;
			sourceTree = "<group>";
		};
		6A7D2C192535F61A00CF408A /* Supporting Files */ = {
			isa = PBXGroup;
			children = (
				6A7D2BDF2535F5C700CF408A /* AppDelegate.swift */,
				6A7D2BE12535F5C700CF408A /* SceneDelegate.swift */,
				6A7D2BE82535F5CD00CF408A /* Assets.xcassets */,
			);
			path = "Supporting Files";
			sourceTree = "<group>";
		};
		6A7D2C202535F63200CF408A /* Storyboards */ = {
			isa = PBXGroup;
			children = (
				6A7D2BE52535F5C700CF408A /* Main.storyboard */,
				6A7D2C222535F6E900CF408A /* Detail.storyboard */,
				6A7D2C2A2535F71200CF408A /* Favorite.storyboard */,
				6A7D2BEA2535F5CD00CF408A /* LaunchScreen.storyboard */,
			);
			path = Storyboards;
			sourceTree = "<group>";
		};
		6A7D2C212535F65200CF408A /* Controllers */ = {
			isa = PBXGroup;
			children = (
				6A7D2BE32535F5C700CF408A /* MainMoviesViewController.swift */,
			);
			path = Controllers;
			sourceTree = "<group>";
		};
		6A7D2C4D253625ED00CF408A /* Cells */ = {
			isa = PBXGroup;
			children = (
				6A7D2C4E2536263600CF408A /* CollectionViewCell.swift */,
			);
			path = Cells;
			sourceTree = "<group>";
		};
/* End PBXGroup section */

/* Begin PBXHeadersBuildPhase section */
		6A476A68253396A400B6FD16 /* Headers */ = {
			isa = PBXHeadersBuildPhase;
			buildActionMask = 2147483647;
			files = (
			);
			runOnlyForDeploymentPostprocessing = 0;
		};
		6A476A8A2533A3CD00B6FD16 /* Headers */ = {
			isa = PBXHeadersBuildPhase;
			buildActionMask = 2147483647;
			files = (
			);
			runOnlyForDeploymentPostprocessing = 0;
		};
		6A7D2B072533B48600CF408A /* Headers */ = {
			isa = PBXHeadersBuildPhase;
			buildActionMask = 2147483647;
			files = (
			);
			runOnlyForDeploymentPostprocessing = 0;
		};
/* End PBXHeadersBuildPhase section */

/* Begin PBXNativeTarget section */
		6A476A6C253396A400B6FD16 /* Model */ = {
			isa = PBXNativeTarget;
			buildConfigurationList = 6A476A72253396A400B6FD16 /* Build configuration list for PBXNativeTarget "Model" */;
			buildPhases = (
				6A476A68253396A400B6FD16 /* Headers */,
				6A476A69253396A400B6FD16 /* Sources */,
				6A476A6A253396A400B6FD16 /* Frameworks */,
				6A476A6B253396A400B6FD16 /* Resources */,
			);
			buildRules = (
			);
			dependencies = (
			);
			name = Model;
			productName = Model;
			productReference = 6A476A6D253396A400B6FD16 /* Model.framework */;
			productType = "com.apple.product-type.framework";
		};
		6A476A8E2533A3CD00B6FD16 /* Infra */ = {
			isa = PBXNativeTarget;
			buildConfigurationList = 6A476AA02533A3CD00B6FD16 /* Build configuration list for PBXNativeTarget "Infra" */;
			buildPhases = (
				6A476A8A2533A3CD00B6FD16 /* Headers */,
				6A476A8B2533A3CD00B6FD16 /* Sources */,
				6A476A8C2533A3CD00B6FD16 /* Frameworks */,
				6A476A8D2533A3CD00B6FD16 /* Resources */,
			);
			buildRules = (
			);
			dependencies = (
			);
			name = Infra;
			packageProductDependencies = (
				6A476AAD2533A51D00B6FD16 /* Alamofire */,
				6A7D2B4B2533B8DB00CF408A /* RxSwift */,
				6A7D2B4D2533B8DB00CF408A /* RxCocoa */,
				6A7D2C45253623FC00CF408A /* Kingfisher */,
			);
			productName = Infra;
			productReference = 6A476A8F2533A3CD00B6FD16 /* Infra.framework */;
			productType = "com.apple.product-type.framework";
		};
		6A476A962533A3CD00B6FD16 /* InfraTests */ = {
			isa = PBXNativeTarget;
			buildConfigurationList = 6A476AA32533A3CD00B6FD16 /* Build configuration list for PBXNativeTarget "InfraTests" */;
			buildPhases = (
				6A476A932533A3CD00B6FD16 /* Sources */,
				6A476A942533A3CD00B6FD16 /* Frameworks */,
				6A476A952533A3CD00B6FD16 /* Resources */,
			);
			buildRules = (
			);
			dependencies = (
				6A476A9A2533A3CD00B6FD16 /* PBXTargetDependency */,
			);
			name = InfraTests;
			productName = InfraTests;
			productReference = 6A476A972533A3CD00B6FD16 /* InfraTests.xctest */;
			productType = "com.apple.product-type.bundle.unit-test";
		};
		6A7D2B0B2533B48600CF408A /* ViewModel */ = {
			isa = PBXNativeTarget;
			buildConfigurationList = 6A7D2B212533B48700CF408A /* Build configuration list for PBXNativeTarget "ViewModel" */;
			buildPhases = (
				6A7D2B072533B48600CF408A /* Headers */,
				6A7D2B082533B48600CF408A /* Sources */,
				6A7D2B092533B48600CF408A /* Frameworks */,
				6A7D2B0A2533B48600CF408A /* Resources */,
				6A7D2B452533B5FA00CF408A /* Embed Frameworks */,
			);
			buildRules = (
			);
			dependencies = (
				6A7D2B442533B5FA00CF408A /* PBXTargetDependency */,
				6A7D2B562535DD3D00CF408A /* PBXTargetDependency */,
			);
			name = ViewModel;
			productName = ViewModel;
			productReference = 6A7D2B0C2533B48600CF408A /* ViewModel.framework */;
			productType = "com.apple.product-type.framework";
		};
		6A7D2B132533B48700CF408A /* ViewModelTests */ = {
			isa = PBXNativeTarget;
			buildConfigurationList = 6A7D2B222533B48700CF408A /* Build configuration list for PBXNativeTarget "ViewModelTests" */;
			buildPhases = (
				6A7D2B102533B48700CF408A /* Sources */,
				6A7D2B112533B48700CF408A /* Frameworks */,
				6A7D2B122533B48700CF408A /* Resources */,
			);
			buildRules = (
			);
			dependencies = (
				6A7D2B172533B48700CF408A /* PBXTargetDependency */,
			);
			name = ViewModelTests;
			productName = ViewModelTests;
			productReference = 6A7D2B142533B48700CF408A /* ViewModelTests.xctest */;
			productType = "com.apple.product-type.bundle.unit-test";
		};
		6A7D2BDC2535F5C700CF408A /* View */ = {
			isa = PBXNativeTarget;
			buildConfigurationList = 6A7D2C042535F5CD00CF408A /* Build configuration list for PBXNativeTarget "View" */;
			buildPhases = (
				6A7D2BD92535F5C700CF408A /* Sources */,
				6A7D2BDA2535F5C700CF408A /* Frameworks */,
				6A7D2BDB2535F5C700CF408A /* Resources */,
				6A7D2C182535F60B00CF408A /* Embed Frameworks */,
			);
			buildRules = (
			);
			dependencies = (
				6A7D2C172535F60B00CF408A /* PBXTargetDependency */,
				6A7D2CD125376B2100CF408A /* PBXTargetDependency */,
				6A7D2CE125376F7500CF408A /* PBXTargetDependency */,
			);
			name = View;
			productName = View;
			productReference = 6A7D2BDD2535F5C700CF408A /* View.app */;
			productType = "com.apple.product-type.application";
		};
		6A7D2BF12535F5CD00CF408A /* ViewTests */ = {
			isa = PBXNativeTarget;
			buildConfigurationList = 6A7D2C072535F5CD00CF408A /* Build configuration list for PBXNativeTarget "ViewTests" */;
			buildPhases = (
				6A7D2BEE2535F5CD00CF408A /* Sources */,
				6A7D2BEF2535F5CD00CF408A /* Frameworks */,
				6A7D2BF02535F5CD00CF408A /* Resources */,
			);
			buildRules = (
			);
			dependencies = (
				6A7D2BF42535F5CD00CF408A /* PBXTargetDependency */,
			);
			name = ViewTests;
			productName = ViewTests;
			productReference = 6A7D2BF22535F5CD00CF408A /* ViewTests.xctest */;
			productType = "com.apple.product-type.bundle.unit-test";
		};
		6A7D2BFC2535F5CD00CF408A /* ViewUITests */ = {
			isa = PBXNativeTarget;
			buildConfigurationList = 6A7D2C0A2535F5CD00CF408A /* Build configuration list for PBXNativeTarget "ViewUITests" */;
			buildPhases = (
				6A7D2BF92535F5CD00CF408A /* Sources */,
				6A7D2BFA2535F5CD00CF408A /* Frameworks */,
				6A7D2BFB2535F5CD00CF408A /* Resources */,
			);
			buildRules = (
			);
			dependencies = (
				6A7D2BFF2535F5CD00CF408A /* PBXTargetDependency */,
			);
			name = ViewUITests;
			productName = ViewUITests;
			productReference = 6A7D2BFD2535F5CD00CF408A /* ViewUITests.xctest */;
			productType = "com.apple.product-type.bundle.ui-testing";
		};
/* End PBXNativeTarget section */

/* Begin PBXProject section */
		6A621E712311CBE300F644BD /* Project object */ = {
			isa = PBXProject;
			attributes = {
				LastSwiftUpdateCheck = 1200;
				LastUpgradeCheck = 1200;
				ORGANIZATIONNAME = Lucas;
				TargetAttributes = {
					6A476A6C253396A400B6FD16 = {
						CreatedOnToolsVersion = 12.0.1;
						LastSwiftMigration = 1200;
					};
					6A476A8E2533A3CD00B6FD16 = {
						CreatedOnToolsVersion = 12.0.1;
						LastSwiftMigration = 1200;
					};
					6A476A962533A3CD00B6FD16 = {
						CreatedOnToolsVersion = 12.0.1;
					};
					6A7D2B0B2533B48600CF408A = {
						CreatedOnToolsVersion = 12.0.1;
						LastSwiftMigration = 1200;
					};
					6A7D2B132533B48700CF408A = {
						CreatedOnToolsVersion = 12.0.1;
					};
					6A7D2BDC2535F5C700CF408A = {
						CreatedOnToolsVersion = 12.0.1;
					};
					6A7D2BF12535F5CD00CF408A = {
						CreatedOnToolsVersion = 12.0.1;
						TestTargetID = 6A7D2BDC2535F5C700CF408A;
					};
					6A7D2BFC2535F5CD00CF408A = {
						CreatedOnToolsVersion = 12.0.1;
						TestTargetID = 6A7D2BDC2535F5C700CF408A;
					};
				};
			};
			buildConfigurationList = 6A621E742311CBE300F644BD /* Build configuration list for PBXProject "Concrete Movies" */;
			compatibilityVersion = "Xcode 9.3";
			developmentRegion = en;
			hasScannedForEncodings = 0;
			knownRegions = (
				en,
				Base,
			);
			mainGroup = 6A621E702311CBE300F644BD;
			packageReferences = (
				6A476AAC2533A51D00B6FD16 /* XCRemoteSwiftPackageReference "Alamofire" */,
				6A7D2B4A2533B8DB00CF408A /* XCRemoteSwiftPackageReference "RxSwift" */,
				6A7D2C44253623FC00CF408A /* XCRemoteSwiftPackageReference "Kingfisher" */,
			);
			productRefGroup = 6A621E7A2311CBE300F644BD /* Products */;
			projectDirPath = "";
			projectRoot = "";
			targets = (
				6A476A6C253396A400B6FD16 /* Model */,
				6A476A8E2533A3CD00B6FD16 /* Infra */,
				6A476A962533A3CD00B6FD16 /* InfraTests */,
				6A7D2B0B2533B48600CF408A /* ViewModel */,
				6A7D2B132533B48700CF408A /* ViewModelTests */,
				6A7D2BDC2535F5C700CF408A /* View */,
				6A7D2BF12535F5CD00CF408A /* ViewTests */,
				6A7D2BFC2535F5CD00CF408A /* ViewUITests */,
			);
		};
/* End PBXProject section */

/* Begin PBXResourcesBuildPhase section */
		6A476A6B253396A400B6FD16 /* Resources */ = {
			isa = PBXResourcesBuildPhase;
			buildActionMask = 2147483647;
			files = (
			);
			runOnlyForDeploymentPostprocessing = 0;
		};
		6A476A8D2533A3CD00B6FD16 /* Resources */ = {
			isa = PBXResourcesBuildPhase;
			buildActionMask = 2147483647;
			files = (
			);
			runOnlyForDeploymentPostprocessing = 0;
		};
		6A476A952533A3CD00B6FD16 /* Resources */ = {
			isa = PBXResourcesBuildPhase;
			buildActionMask = 2147483647;
			files = (
			);
			runOnlyForDeploymentPostprocessing = 0;
		};
		6A7D2B0A2533B48600CF408A /* Resources */ = {
			isa = PBXResourcesBuildPhase;
			buildActionMask = 2147483647;
			files = (
			);
			runOnlyForDeploymentPostprocessing = 0;
		};
		6A7D2B122533B48700CF408A /* Resources */ = {
			isa = PBXResourcesBuildPhase;
			buildActionMask = 2147483647;
			files = (
			);
			runOnlyForDeploymentPostprocessing = 0;
		};
		6A7D2BDB2535F5C700CF408A /* Resources */ = {
			isa = PBXResourcesBuildPhase;
			buildActionMask = 2147483647;
			files = (
				6A7D2BEC2535F5CD00CF408A /* LaunchScreen.storyboard in Resources */,
				6A7D2BE92535F5CD00CF408A /* Assets.xcassets in Resources */,
				6A7D2BE72535F5C700CF408A /* Main.storyboard in Resources */,
				6A7D2C2B2535F71200CF408A /* Favorite.storyboard in Resources */,
				6A7D2C232535F6E900CF408A /* Detail.storyboard in Resources */,
			);
			runOnlyForDeploymentPostprocessing = 0;
		};
		6A7D2BF02535F5CD00CF408A /* Resources */ = {
			isa = PBXResourcesBuildPhase;
			buildActionMask = 2147483647;
			files = (
			);
			runOnlyForDeploymentPostprocessing = 0;
		};
		6A7D2BFB2535F5CD00CF408A /* Resources */ = {
			isa = PBXResourcesBuildPhase;
			buildActionMask = 2147483647;
			files = (
			);
			runOnlyForDeploymentPostprocessing = 0;
		};
/* End PBXResourcesBuildPhase section */

/* Begin PBXSourcesBuildPhase section */
		6A476A69253396A400B6FD16 /* Sources */ = {
			isa = PBXSourcesBuildPhase;
			buildActionMask = 2147483647;
			files = (
				6A7D2BCC2535F33200CF408A /* Model.swift in Sources */,
				6A476A8225339BE500B6FD16 /* MoviesMain.swift in Sources */,
				6A476A8525339C6100B6FD16 /* MoviesResult.swift in Sources */,
			);
			runOnlyForDeploymentPostprocessing = 0;
		};
		6A476A8B2533A3CD00B6FD16 /* Sources */ = {
			isa = PBXSourcesBuildPhase;
			buildActionMask = 2147483647;
			files = (
				6A476AB82533A5CA00B6FD16 /* HttpError.swift in Sources */,
				6A476AB32533A56300B6FD16 /* HttpService.swift in Sources */,
			);
			runOnlyForDeploymentPostprocessing = 0;
		};
		6A476A932533A3CD00B6FD16 /* Sources */ = {
			isa = PBXSourcesBuildPhase;
			buildActionMask = 2147483647;
			files = (
				6A476AC52533A66500B6FD16 /* TestFactories.swift in Sources */,
				6A476A9D2533A3CD00B6FD16 /* InfraTests.swift in Sources */,
				6A476ABD2533A63B00B6FD16 /* UrlProtocolStub.swift in Sources */,
			);
			runOnlyForDeploymentPostprocessing = 0;
		};
		6A7D2B082533B48600CF408A /* Sources */ = {
			isa = PBXSourcesBuildPhase;
			buildActionMask = 2147483647;
			files = (
				6A7D2B3A2533B56400CF408A /* MoviesMainViewModel.swift in Sources */,
			);
			runOnlyForDeploymentPostprocessing = 0;
		};
		6A7D2B102533B48700CF408A /* Sources */ = {
			isa = PBXSourcesBuildPhase;
			buildActionMask = 2147483647;
			files = (
				6A7D2BA62535E92600CF408A /* MoviesViewModelSpy.swift in Sources */,
				6A7D2B1A2533B48700CF408A /* ViewModelTests.swift in Sources */,
				6A7D2BA02535E8F500CF408A /* UrlProtocolStub.swift in Sources */,
			);
			runOnlyForDeploymentPostprocessing = 0;
		};
		6A7D2BD92535F5C700CF408A /* Sources */ = {
			isa = PBXSourcesBuildPhase;
			buildActionMask = 2147483647;
			files = (
				6A7D2BE42535F5C700CF408A /* MainMoviesViewController.swift in Sources */,
				6A7D2BE02535F5C700CF408A /* AppDelegate.swift in Sources */,
				6A7D2C4F2536263600CF408A /* CollectionViewCell.swift in Sources */,
				6A7D2BE22535F5C700CF408A /* SceneDelegate.swift in Sources */,
			);
			runOnlyForDeploymentPostprocessing = 0;
		};
		6A7D2BEE2535F5CD00CF408A /* Sources */ = {
			isa = PBXSourcesBuildPhase;
			buildActionMask = 2147483647;
			files = (
				6A7D2BF72535F5CD00CF408A /* ViewTests.swift in Sources */,
			);
			runOnlyForDeploymentPostprocessing = 0;
		};
		6A7D2BF92535F5CD00CF408A /* Sources */ = {
			isa = PBXSourcesBuildPhase;
			buildActionMask = 2147483647;
			files = (
				6A7D2C022535F5CD00CF408A /* ViewUITests.swift in Sources */,
			);
			runOnlyForDeploymentPostprocessing = 0;
		};
/* End PBXSourcesBuildPhase section */

/* Begin PBXTargetDependency section */
		6A476A9A2533A3CD00B6FD16 /* PBXTargetDependency */ = {
			isa = PBXTargetDependency;
			target = 6A476A8E2533A3CD00B6FD16 /* Infra */;
			targetProxy = 6A476A992533A3CD00B6FD16 /* PBXContainerItemProxy */;
		};
		6A7D2B172533B48700CF408A /* PBXTargetDependency */ = {
			isa = PBXTargetDependency;
			target = 6A7D2B0B2533B48600CF408A /* ViewModel */;
			targetProxy = 6A7D2B162533B48700CF408A /* PBXContainerItemProxy */;
		};
		6A7D2B442533B5FA00CF408A /* PBXTargetDependency */ = {
			isa = PBXTargetDependency;
			target = 6A476A6C253396A400B6FD16 /* Model */;
			targetProxy = 6A7D2B432533B5FA00CF408A /* PBXContainerItemProxy */;
		};
		6A7D2B562535DD3D00CF408A /* PBXTargetDependency */ = {
			isa = PBXTargetDependency;
			target = 6A476A8E2533A3CD00B6FD16 /* Infra */;
			targetProxy = 6A7D2B552535DD3D00CF408A /* PBXContainerItemProxy */;
		};
		6A7D2BF42535F5CD00CF408A /* PBXTargetDependency */ = {
			isa = PBXTargetDependency;
			target = 6A7D2BDC2535F5C700CF408A /* View */;
			targetProxy = 6A7D2BF32535F5CD00CF408A /* PBXContainerItemProxy */;
		};
		6A7D2BFF2535F5CD00CF408A /* PBXTargetDependency */ = {
			isa = PBXTargetDependency;
			target = 6A7D2BDC2535F5C700CF408A /* View */;
			targetProxy = 6A7D2BFE2535F5CD00CF408A /* PBXContainerItemProxy */;
		};
		6A7D2C172535F60B00CF408A /* PBXTargetDependency */ = {
			isa = PBXTargetDependency;
			target = 6A7D2B0B2533B48600CF408A /* ViewModel */;
			targetProxy = 6A7D2C162535F60B00CF408A /* PBXContainerItemProxy */;
		};
		6A7D2CD125376B2100CF408A /* PBXTargetDependency */ = {
			isa = PBXTargetDependency;
			target = 6A476A8E2533A3CD00B6FD16 /* Infra */;
			targetProxy = 6A7D2CD025376B2100CF408A /* PBXContainerItemProxy */;
		};
		6A7D2CE125376F7500CF408A /* PBXTargetDependency */ = {
			isa = PBXTargetDependency;
			target = 6A476A6C253396A400B6FD16 /* Model */;
			targetProxy = 6A7D2CE025376F7500CF408A /* PBXContainerItemProxy */;
		};
/* End PBXTargetDependency section */

/* Begin PBXVariantGroup section */
		6A7D2BE52535F5C700CF408A /* Main.storyboard */ = {
			isa = PBXVariantGroup;
			children = (
				6A7D2BE62535F5C700CF408A /* Base */,
			);
			name = Main.storyboard;
			sourceTree = "<group>";
		};
		6A7D2BEA2535F5CD00CF408A /* LaunchScreen.storyboard */ = {
			isa = PBXVariantGroup;
			children = (
				6A7D2BEB2535F5CD00CF408A /* Base */,
			);
			name = LaunchScreen.storyboard;
			sourceTree = "<group>";
		};
/* End PBXVariantGroup section */

/* Begin XCBuildConfiguration section */
		6A476A73253396A400B6FD16 /* Debug */ = {
			isa = XCBuildConfiguration;
			buildSettings = {
				CLANG_ENABLE_MODULES = YES;
				CLANG_WARN_QUOTED_INCLUDE_IN_FRAMEWORK_HEADER = YES;
				CODE_SIGN_STYLE = Automatic;
				CURRENT_PROJECT_VERSION = 1;
				DEFINES_MODULE = YES;
				DEVELOPMENT_TEAM = 5KRGYLJC7Z;
				DYLIB_COMPATIBILITY_VERSION = 1;
				DYLIB_CURRENT_VERSION = 1;
				DYLIB_INSTALL_NAME_BASE = "@rpath";
				INFOPLIST_FILE = Model/Info.plist;
				INSTALL_PATH = "$(LOCAL_LIBRARY_DIR)/Frameworks";
				IPHONEOS_DEPLOYMENT_TARGET = 14.0;
				LD_RUNPATH_SEARCH_PATHS = (
					"$(inherited)",
					"@executable_path/Frameworks",
					"@loader_path/Frameworks",
				);
				PRODUCT_BUNDLE_IDENTIFIER = com.lucas.app.Model;
				PRODUCT_NAME = "$(TARGET_NAME:c99extidentifier)";
				SKIP_INSTALL = YES;
				SWIFT_OPTIMIZATION_LEVEL = "-Onone";
				SWIFT_VERSION = 5.0;
				TARGETED_DEVICE_FAMILY = "1,2";
				VERSIONING_SYSTEM = "apple-generic";
				VERSION_INFO_PREFIX = "";
			};
			name = Debug;
		};
		6A476A74253396A400B6FD16 /* Release */ = {
			isa = XCBuildConfiguration;
			buildSettings = {
				CLANG_ENABLE_MODULES = YES;
				CLANG_WARN_QUOTED_INCLUDE_IN_FRAMEWORK_HEADER = YES;
				CODE_SIGN_STYLE = Automatic;
				CURRENT_PROJECT_VERSION = 1;
				DEFINES_MODULE = YES;
				DEVELOPMENT_TEAM = 5KRGYLJC7Z;
				DYLIB_COMPATIBILITY_VERSION = 1;
				DYLIB_CURRENT_VERSION = 1;
				DYLIB_INSTALL_NAME_BASE = "@rpath";
				INFOPLIST_FILE = Model/Info.plist;
				INSTALL_PATH = "$(LOCAL_LIBRARY_DIR)/Frameworks";
				IPHONEOS_DEPLOYMENT_TARGET = 14.0;
				LD_RUNPATH_SEARCH_PATHS = (
					"$(inherited)",
					"@executable_path/Frameworks",
					"@loader_path/Frameworks",
				);
				PRODUCT_BUNDLE_IDENTIFIER = com.lucas.app.Model;
				PRODUCT_NAME = "$(TARGET_NAME:c99extidentifier)";
				SKIP_INSTALL = YES;
				SWIFT_VERSION = 5.0;
				TARGETED_DEVICE_FAMILY = "1,2";
				VERSIONING_SYSTEM = "apple-generic";
				VERSION_INFO_PREFIX = "";
			};
			name = Release;
		};
		6A476AA12533A3CD00B6FD16 /* Debug */ = {
			isa = XCBuildConfiguration;
			buildSettings = {
				CLANG_ENABLE_MODULES = YES;
				CLANG_WARN_QUOTED_INCLUDE_IN_FRAMEWORK_HEADER = YES;
				CODE_SIGN_STYLE = Automatic;
				CURRENT_PROJECT_VERSION = 1;
				DEFINES_MODULE = YES;
				DEVELOPMENT_TEAM = 5KRGYLJC7Z;
				DYLIB_COMPATIBILITY_VERSION = 1;
				DYLIB_CURRENT_VERSION = 1;
				DYLIB_INSTALL_NAME_BASE = "@rpath";
				INFOPLIST_FILE = Infra/Info.plist;
				INSTALL_PATH = "$(LOCAL_LIBRARY_DIR)/Frameworks";
				IPHONEOS_DEPLOYMENT_TARGET = 14.0;
				LD_RUNPATH_SEARCH_PATHS = (
					"$(inherited)",
					"@executable_path/Frameworks",
					"@loader_path/Frameworks",
				);
				PRODUCT_BUNDLE_IDENTIFIER = com.lucas.app.Infra;
				PRODUCT_NAME = "$(TARGET_NAME:c99extidentifier)";
				SKIP_INSTALL = YES;
				SWIFT_OPTIMIZATION_LEVEL = "-Onone";
				SWIFT_VERSION = 5.0;
				TARGETED_DEVICE_FAMILY = "1,2";
				VERSIONING_SYSTEM = "apple-generic";
				VERSION_INFO_PREFIX = "";
			};
			name = Debug;
		};
		6A476AA22533A3CD00B6FD16 /* Release */ = {
			isa = XCBuildConfiguration;
			buildSettings = {
				CLANG_ENABLE_MODULES = YES;
				CLANG_WARN_QUOTED_INCLUDE_IN_FRAMEWORK_HEADER = YES;
				CODE_SIGN_STYLE = Automatic;
				CURRENT_PROJECT_VERSION = 1;
				DEFINES_MODULE = YES;
				DEVELOPMENT_TEAM = 5KRGYLJC7Z;
				DYLIB_COMPATIBILITY_VERSION = 1;
				DYLIB_CURRENT_VERSION = 1;
				DYLIB_INSTALL_NAME_BASE = "@rpath";
				INFOPLIST_FILE = Infra/Info.plist;
				INSTALL_PATH = "$(LOCAL_LIBRARY_DIR)/Frameworks";
				IPHONEOS_DEPLOYMENT_TARGET = 14.0;
				LD_RUNPATH_SEARCH_PATHS = (
					"$(inherited)",
					"@executable_path/Frameworks",
					"@loader_path/Frameworks",
				);
				PRODUCT_BUNDLE_IDENTIFIER = com.lucas.app.Infra;
				PRODUCT_NAME = "$(TARGET_NAME:c99extidentifier)";
				SKIP_INSTALL = YES;
				SWIFT_VERSION = 5.0;
				TARGETED_DEVICE_FAMILY = "1,2";
				VERSIONING_SYSTEM = "apple-generic";
				VERSION_INFO_PREFIX = "";
			};
			name = Release;
		};
		6A476AA42533A3CD00B6FD16 /* Debug */ = {
			isa = XCBuildConfiguration;
			buildSettings = {
				ALWAYS_EMBED_SWIFT_STANDARD_LIBRARIES = YES;
				CLANG_WARN_QUOTED_INCLUDE_IN_FRAMEWORK_HEADER = YES;
				CODE_SIGN_STYLE = Automatic;
				DEVELOPMENT_TEAM = 5KRGYLJC7Z;
				INFOPLIST_FILE = InfraTests/Info.plist;
				IPHONEOS_DEPLOYMENT_TARGET = 14.0;
				LD_RUNPATH_SEARCH_PATHS = (
					"$(inherited)",
					"@executable_path/Frameworks",
					"@loader_path/Frameworks",
				);
				PRODUCT_BUNDLE_IDENTIFIER = com.lucas.app.InfraTests;
				PRODUCT_NAME = "$(TARGET_NAME)";
				SWIFT_VERSION = 5.0;
				TARGETED_DEVICE_FAMILY = "1,2";
			};
			name = Debug;
		};
		6A476AA52533A3CD00B6FD16 /* Release */ = {
			isa = XCBuildConfiguration;
			buildSettings = {
				ALWAYS_EMBED_SWIFT_STANDARD_LIBRARIES = YES;
				CLANG_WARN_QUOTED_INCLUDE_IN_FRAMEWORK_HEADER = YES;
				CODE_SIGN_STYLE = Automatic;
				DEVELOPMENT_TEAM = 5KRGYLJC7Z;
				INFOPLIST_FILE = InfraTests/Info.plist;
				IPHONEOS_DEPLOYMENT_TARGET = 14.0;
				LD_RUNPATH_SEARCH_PATHS = (
					"$(inherited)",
					"@executable_path/Frameworks",
					"@loader_path/Frameworks",
				);
				PRODUCT_BUNDLE_IDENTIFIER = com.lucas.app.InfraTests;
				PRODUCT_NAME = "$(TARGET_NAME)";
				SWIFT_VERSION = 5.0;
				TARGETED_DEVICE_FAMILY = "1,2";
			};
			name = Release;
		};
		6A621EA22311CBE900F644BD /* Debug */ = {
			isa = XCBuildConfiguration;
			buildSettings = {
				ALWAYS_SEARCH_USER_PATHS = NO;
				CLANG_ANALYZER_NONNULL = YES;
				CLANG_ANALYZER_NUMBER_OBJECT_CONVERSION = YES_AGGRESSIVE;
				CLANG_CXX_LANGUAGE_STANDARD = "gnu++14";
				CLANG_CXX_LIBRARY = "libc++";
				CLANG_ENABLE_MODULES = YES;
				CLANG_ENABLE_OBJC_ARC = YES;
				CLANG_ENABLE_OBJC_WEAK = YES;
				CLANG_WARN_BLOCK_CAPTURE_AUTORELEASING = YES;
				CLANG_WARN_BOOL_CONVERSION = YES;
				CLANG_WARN_COMMA = YES;
				CLANG_WARN_CONSTANT_CONVERSION = YES;
				CLANG_WARN_DEPRECATED_OBJC_IMPLEMENTATIONS = YES;
				CLANG_WARN_DIRECT_OBJC_ISA_USAGE = YES_ERROR;
				CLANG_WARN_DOCUMENTATION_COMMENTS = YES;
				CLANG_WARN_EMPTY_BODY = YES;
				CLANG_WARN_ENUM_CONVERSION = YES;
				CLANG_WARN_INFINITE_RECURSION = YES;
				CLANG_WARN_INT_CONVERSION = YES;
				CLANG_WARN_NON_LITERAL_NULL_CONVERSION = YES;
				CLANG_WARN_OBJC_IMPLICIT_RETAIN_SELF = YES;
				CLANG_WARN_OBJC_LITERAL_CONVERSION = YES;
				CLANG_WARN_OBJC_ROOT_CLASS = YES_ERROR;
				CLANG_WARN_QUOTED_INCLUDE_IN_FRAMEWORK_HEADER = YES;
				CLANG_WARN_RANGE_LOOP_ANALYSIS = YES;
				CLANG_WARN_STRICT_PROTOTYPES = YES;
				CLANG_WARN_SUSPICIOUS_MOVE = YES;
				CLANG_WARN_UNGUARDED_AVAILABILITY = YES_AGGRESSIVE;
				CLANG_WARN_UNREACHABLE_CODE = YES;
				CLANG_WARN__DUPLICATE_METHOD_MATCH = YES;
				CODE_SIGN_IDENTITY = "iPhone Developer";
				COPY_PHASE_STRIP = NO;
				DEBUG_INFORMATION_FORMAT = dwarf;
				ENABLE_STRICT_OBJC_MSGSEND = YES;
				ENABLE_TESTABILITY = YES;
				GCC_C_LANGUAGE_STANDARD = gnu11;
				GCC_DYNAMIC_NO_PIC = NO;
				GCC_NO_COMMON_BLOCKS = YES;
				GCC_OPTIMIZATION_LEVEL = 0;
				GCC_PREPROCESSOR_DEFINITIONS = (
					"DEBUG=1",
					"$(inherited)",
				);
				GCC_WARN_64_TO_32_BIT_CONVERSION = YES;
				GCC_WARN_ABOUT_RETURN_TYPE = YES_ERROR;
				GCC_WARN_UNDECLARED_SELECTOR = YES;
				GCC_WARN_UNINITIALIZED_AUTOS = YES_AGGRESSIVE;
				GCC_WARN_UNUSED_FUNCTION = YES;
				GCC_WARN_UNUSED_VARIABLE = YES;
				IPHONEOS_DEPLOYMENT_TARGET = 12.2;
				MTL_ENABLE_DEBUG_INFO = INCLUDE_SOURCE;
				MTL_FAST_MATH = YES;
				ONLY_ACTIVE_ARCH = YES;
				SDKROOT = iphoneos;
				SWIFT_ACTIVE_COMPILATION_CONDITIONS = DEBUG;
				SWIFT_OPTIMIZATION_LEVEL = "-Onone";
			};
			name = Debug;
		};
		6A621EA32311CBE900F644BD /* Release */ = {
			isa = XCBuildConfiguration;
			buildSettings = {
				ALWAYS_SEARCH_USER_PATHS = NO;
				CLANG_ANALYZER_NONNULL = YES;
				CLANG_ANALYZER_NUMBER_OBJECT_CONVERSION = YES_AGGRESSIVE;
				CLANG_CXX_LANGUAGE_STANDARD = "gnu++14";
				CLANG_CXX_LIBRARY = "libc++";
				CLANG_ENABLE_MODULES = YES;
				CLANG_ENABLE_OBJC_ARC = YES;
				CLANG_ENABLE_OBJC_WEAK = YES;
				CLANG_WARN_BLOCK_CAPTURE_AUTORELEASING = YES;
				CLANG_WARN_BOOL_CONVERSION = YES;
				CLANG_WARN_COMMA = YES;
				CLANG_WARN_CONSTANT_CONVERSION = YES;
				CLANG_WARN_DEPRECATED_OBJC_IMPLEMENTATIONS = YES;
				CLANG_WARN_DIRECT_OBJC_ISA_USAGE = YES_ERROR;
				CLANG_WARN_DOCUMENTATION_COMMENTS = YES;
				CLANG_WARN_EMPTY_BODY = YES;
				CLANG_WARN_ENUM_CONVERSION = YES;
				CLANG_WARN_INFINITE_RECURSION = YES;
				CLANG_WARN_INT_CONVERSION = YES;
				CLANG_WARN_NON_LITERAL_NULL_CONVERSION = YES;
				CLANG_WARN_OBJC_IMPLICIT_RETAIN_SELF = YES;
				CLANG_WARN_OBJC_LITERAL_CONVERSION = YES;
				CLANG_WARN_OBJC_ROOT_CLASS = YES_ERROR;
				CLANG_WARN_QUOTED_INCLUDE_IN_FRAMEWORK_HEADER = YES;
				CLANG_WARN_RANGE_LOOP_ANALYSIS = YES;
				CLANG_WARN_STRICT_PROTOTYPES = YES;
				CLANG_WARN_SUSPICIOUS_MOVE = YES;
				CLANG_WARN_UNGUARDED_AVAILABILITY = YES_AGGRESSIVE;
				CLANG_WARN_UNREACHABLE_CODE = YES;
				CLANG_WARN__DUPLICATE_METHOD_MATCH = YES;
				CODE_SIGN_IDENTITY = "iPhone Developer";
				COPY_PHASE_STRIP = NO;
				DEBUG_INFORMATION_FORMAT = "dwarf-with-dsym";
				ENABLE_NS_ASSERTIONS = NO;
				ENABLE_STRICT_OBJC_MSGSEND = YES;
				GCC_C_LANGUAGE_STANDARD = gnu11;
				GCC_NO_COMMON_BLOCKS = YES;
				GCC_WARN_64_TO_32_BIT_CONVERSION = YES;
				GCC_WARN_ABOUT_RETURN_TYPE = YES_ERROR;
				GCC_WARN_UNDECLARED_SELECTOR = YES;
				GCC_WARN_UNINITIALIZED_AUTOS = YES_AGGRESSIVE;
				GCC_WARN_UNUSED_FUNCTION = YES;
				GCC_WARN_UNUSED_VARIABLE = YES;
				IPHONEOS_DEPLOYMENT_TARGET = 12.2;
				MTL_ENABLE_DEBUG_INFO = NO;
				MTL_FAST_MATH = YES;
				SDKROOT = iphoneos;
				SWIFT_COMPILATION_MODE = wholemodule;
				SWIFT_OPTIMIZATION_LEVEL = "-O";
				VALIDATE_PRODUCT = YES;
			};
			name = Release;
		};
		6A7D2B1D2533B48700CF408A /* Debug */ = {
			isa = XCBuildConfiguration;
			buildSettings = {
				CLANG_ENABLE_MODULES = YES;
				CLANG_WARN_QUOTED_INCLUDE_IN_FRAMEWORK_HEADER = YES;
				CODE_SIGN_STYLE = Automatic;
				CURRENT_PROJECT_VERSION = 1;
				DEFINES_MODULE = YES;
				DEVELOPMENT_TEAM = 5KRGYLJC7Z;
				DYLIB_COMPATIBILITY_VERSION = 1;
				DYLIB_CURRENT_VERSION = 1;
				DYLIB_INSTALL_NAME_BASE = "@rpath";
				INFOPLIST_FILE = ViewModel/Info.plist;
				INSTALL_PATH = "$(LOCAL_LIBRARY_DIR)/Frameworks";
				IPHONEOS_DEPLOYMENT_TARGET = 14.0;
				LD_RUNPATH_SEARCH_PATHS = (
					"$(inherited)",
					"@executable_path/Frameworks",
					"@loader_path/Frameworks",
				);
				PRODUCT_BUNDLE_IDENTIFIER = com.lucas.app.ViewModel;
				PRODUCT_NAME = "$(TARGET_NAME:c99extidentifier)";
				SKIP_INSTALL = YES;
				SWIFT_OPTIMIZATION_LEVEL = "-Onone";
				SWIFT_VERSION = 5.0;
				TARGETED_DEVICE_FAMILY = "1,2";
				VERSIONING_SYSTEM = "apple-generic";
				VERSION_INFO_PREFIX = "";
			};
			name = Debug;
		};
		6A7D2B1E2533B48700CF408A /* Release */ = {
			isa = XCBuildConfiguration;
			buildSettings = {
				CLANG_ENABLE_MODULES = YES;
				CLANG_WARN_QUOTED_INCLUDE_IN_FRAMEWORK_HEADER = YES;
				CODE_SIGN_STYLE = Automatic;
				CURRENT_PROJECT_VERSION = 1;
				DEFINES_MODULE = YES;
				DEVELOPMENT_TEAM = 5KRGYLJC7Z;
				DYLIB_COMPATIBILITY_VERSION = 1;
				DYLIB_CURRENT_VERSION = 1;
				DYLIB_INSTALL_NAME_BASE = "@rpath";
				INFOPLIST_FILE = ViewModel/Info.plist;
				INSTALL_PATH = "$(LOCAL_LIBRARY_DIR)/Frameworks";
				IPHONEOS_DEPLOYMENT_TARGET = 14.0;
				LD_RUNPATH_SEARCH_PATHS = (
					"$(inherited)",
					"@executable_path/Frameworks",
					"@loader_path/Frameworks",
				);
				PRODUCT_BUNDLE_IDENTIFIER = com.lucas.app.ViewModel;
				PRODUCT_NAME = "$(TARGET_NAME:c99extidentifier)";
				SKIP_INSTALL = YES;
				SWIFT_VERSION = 5.0;
				TARGETED_DEVICE_FAMILY = "1,2";
				VERSIONING_SYSTEM = "apple-generic";
				VERSION_INFO_PREFIX = "";
			};
			name = Release;
		};
		6A7D2B1F2533B48700CF408A /* Debug */ = {
			isa = XCBuildConfiguration;
			buildSettings = {
				ALWAYS_EMBED_SWIFT_STANDARD_LIBRARIES = YES;
				CLANG_WARN_QUOTED_INCLUDE_IN_FRAMEWORK_HEADER = YES;
				CODE_SIGN_STYLE = Automatic;
				DEVELOPMENT_TEAM = 5KRGYLJC7Z;
				INFOPLIST_FILE = ViewModelTests/Info.plist;
				IPHONEOS_DEPLOYMENT_TARGET = 14.0;
				LD_RUNPATH_SEARCH_PATHS = (
					"$(inherited)",
					"@executable_path/Frameworks",
					"@loader_path/Frameworks",
				);
				PRODUCT_BUNDLE_IDENTIFIER = com.lucas.app.ViewModelTests;
				PRODUCT_NAME = "$(TARGET_NAME)";
				SWIFT_VERSION = 5.0;
				TARGETED_DEVICE_FAMILY = "1,2";
			};
			name = Debug;
		};
		6A7D2B202533B48700CF408A /* Release */ = {
			isa = XCBuildConfiguration;
			buildSettings = {
				ALWAYS_EMBED_SWIFT_STANDARD_LIBRARIES = YES;
				CLANG_WARN_QUOTED_INCLUDE_IN_FRAMEWORK_HEADER = YES;
				CODE_SIGN_STYLE = Automatic;
				DEVELOPMENT_TEAM = 5KRGYLJC7Z;
				INFOPLIST_FILE = ViewModelTests/Info.plist;
				IPHONEOS_DEPLOYMENT_TARGET = 14.0;
				LD_RUNPATH_SEARCH_PATHS = (
					"$(inherited)",
					"@executable_path/Frameworks",
					"@loader_path/Frameworks",
				);
				PRODUCT_BUNDLE_IDENTIFIER = com.lucas.app.ViewModelTests;
				PRODUCT_NAME = "$(TARGET_NAME)";
				SWIFT_VERSION = 5.0;
				TARGETED_DEVICE_FAMILY = "1,2";
			};
			name = Release;
		};
		6A7D2C052535F5CD00CF408A /* Debug */ = {
			isa = XCBuildConfiguration;
			buildSettings = {
				ALWAYS_EMBED_SWIFT_STANDARD_LIBRARIES = NO;
				ASSETCATALOG_COMPILER_APPICON_NAME = AppIcon;
				ASSETCATALOG_COMPILER_GLOBAL_ACCENT_COLOR_NAME = AccentColor;
				CODE_SIGN_STYLE = Automatic;
				DEVELOPMENT_TEAM = 5KRGYLJC7Z;
				INFOPLIST_FILE = View/Info.plist;
				IPHONEOS_DEPLOYMENT_TARGET = 14.0;
				LD_RUNPATH_SEARCH_PATHS = (
					"$(inherited)",
					"@executable_path/Frameworks",
				);
				PRODUCT_BUNDLE_IDENTIFIER = com.lucas.app.View;
				PRODUCT_NAME = "$(TARGET_NAME)";
				SWIFT_VERSION = 5.0;
				TARGETED_DEVICE_FAMILY = "1,2";
			};
			name = Debug;
		};
		6A7D2C062535F5CD00CF408A /* Release */ = {
			isa = XCBuildConfiguration;
			buildSettings = {
				ALWAYS_EMBED_SWIFT_STANDARD_LIBRARIES = NO;
				ASSETCATALOG_COMPILER_APPICON_NAME = AppIcon;
				ASSETCATALOG_COMPILER_GLOBAL_ACCENT_COLOR_NAME = AccentColor;
				CODE_SIGN_STYLE = Automatic;
				DEVELOPMENT_TEAM = 5KRGYLJC7Z;
				INFOPLIST_FILE = View/Info.plist;
				IPHONEOS_DEPLOYMENT_TARGET = 14.0;
				LD_RUNPATH_SEARCH_PATHS = (
					"$(inherited)",
					"@executable_path/Frameworks",
				);
				PRODUCT_BUNDLE_IDENTIFIER = com.lucas.app.View;
				PRODUCT_NAME = "$(TARGET_NAME)";
				SWIFT_VERSION = 5.0;
				TARGETED_DEVICE_FAMILY = "1,2";
			};
			name = Release;
		};
		6A7D2C082535F5CD00CF408A /* Debug */ = {
			isa = XCBuildConfiguration;
			buildSettings = {
				ALWAYS_EMBED_SWIFT_STANDARD_LIBRARIES = YES;
				BUNDLE_LOADER = "$(TEST_HOST)";
				CODE_SIGN_STYLE = Automatic;
				DEVELOPMENT_TEAM = 5KRGYLJC7Z;
				INFOPLIST_FILE = ViewTests/Info.plist;
				IPHONEOS_DEPLOYMENT_TARGET = 14.0;
				LD_RUNPATH_SEARCH_PATHS = (
					"$(inherited)",
					"@executable_path/Frameworks",
					"@loader_path/Frameworks",
				);
				PRODUCT_BUNDLE_IDENTIFIER = com.lucas.app.ViewTests;
				PRODUCT_NAME = "$(TARGET_NAME)";
				SWIFT_VERSION = 5.0;
				TARGETED_DEVICE_FAMILY = "1,2";
				TEST_HOST = "$(BUILT_PRODUCTS_DIR)/View.app/View";
			};
			name = Debug;
		};
		6A7D2C092535F5CD00CF408A /* Release */ = {
			isa = XCBuildConfiguration;
			buildSettings = {
				ALWAYS_EMBED_SWIFT_STANDARD_LIBRARIES = YES;
				BUNDLE_LOADER = "$(TEST_HOST)";
				CODE_SIGN_STYLE = Automatic;
				DEVELOPMENT_TEAM = 5KRGYLJC7Z;
				INFOPLIST_FILE = ViewTests/Info.plist;
				IPHONEOS_DEPLOYMENT_TARGET = 14.0;
				LD_RUNPATH_SEARCH_PATHS = (
					"$(inherited)",
					"@executable_path/Frameworks",
					"@loader_path/Frameworks",
				);
				PRODUCT_BUNDLE_IDENTIFIER = com.lucas.app.ViewTests;
				PRODUCT_NAME = "$(TARGET_NAME)";
				SWIFT_VERSION = 5.0;
				TARGETED_DEVICE_FAMILY = "1,2";
				TEST_HOST = "$(BUILT_PRODUCTS_DIR)/View.app/View";
			};
			name = Release;
		};
		6A7D2C0B2535F5CD00CF408A /* Debug */ = {
			isa = XCBuildConfiguration;
			buildSettings = {
				ALWAYS_EMBED_SWIFT_STANDARD_LIBRARIES = YES;
				CODE_SIGN_STYLE = Automatic;
				DEVELOPMENT_TEAM = 5KRGYLJC7Z;
				INFOPLIST_FILE = ViewUITests/Info.plist;
				IPHONEOS_DEPLOYMENT_TARGET = 14.0;
				LD_RUNPATH_SEARCH_PATHS = (
					"$(inherited)",
					"@executable_path/Frameworks",
					"@loader_path/Frameworks",
				);
				PRODUCT_BUNDLE_IDENTIFIER = com.lucas.app.ViewUITests;
				PRODUCT_NAME = "$(TARGET_NAME)";
				SWIFT_VERSION = 5.0;
				TARGETED_DEVICE_FAMILY = "1,2";
				TEST_TARGET_NAME = View;
			};
			name = Debug;
		};
		6A7D2C0C2535F5CD00CF408A /* Release */ = {
			isa = XCBuildConfiguration;
			buildSettings = {
				ALWAYS_EMBED_SWIFT_STANDARD_LIBRARIES = YES;
				CODE_SIGN_STYLE = Automatic;
				DEVELOPMENT_TEAM = 5KRGYLJC7Z;
				INFOPLIST_FILE = ViewUITests/Info.plist;
				IPHONEOS_DEPLOYMENT_TARGET = 14.0;
				LD_RUNPATH_SEARCH_PATHS = (
					"$(inherited)",
					"@executable_path/Frameworks",
					"@loader_path/Frameworks",
				);
				PRODUCT_BUNDLE_IDENTIFIER = com.lucas.app.ViewUITests;
				PRODUCT_NAME = "$(TARGET_NAME)";
				SWIFT_VERSION = 5.0;
				TARGETED_DEVICE_FAMILY = "1,2";
				TEST_TARGET_NAME = View;
			};
			name = Release;
		};
/* End XCBuildConfiguration section */

/* Begin XCConfigurationList section */
		6A476A72253396A400B6FD16 /* Build configuration list for PBXNativeTarget "Model" */ = {
			isa = XCConfigurationList;
			buildConfigurations = (
				6A476A73253396A400B6FD16 /* Debug */,
				6A476A74253396A400B6FD16 /* Release */,
			);
			defaultConfigurationIsVisible = 0;
			defaultConfigurationName = Release;
		};
		6A476AA02533A3CD00B6FD16 /* Build configuration list for PBXNativeTarget "Infra" */ = {
			isa = XCConfigurationList;
			buildConfigurations = (
				6A476AA12533A3CD00B6FD16 /* Debug */,
				6A476AA22533A3CD00B6FD16 /* Release */,
			);
			defaultConfigurationIsVisible = 0;
			defaultConfigurationName = Release;
		};
		6A476AA32533A3CD00B6FD16 /* Build configuration list for PBXNativeTarget "InfraTests" */ = {
			isa = XCConfigurationList;
			buildConfigurations = (
				6A476AA42533A3CD00B6FD16 /* Debug */,
				6A476AA52533A3CD00B6FD16 /* Release */,
			);
			defaultConfigurationIsVisible = 0;
			defaultConfigurationName = Release;
		};
		6A621E742311CBE300F644BD /* Build configuration list for PBXProject "Concrete Movies" */ = {
			isa = XCConfigurationList;
			buildConfigurations = (
				6A621EA22311CBE900F644BD /* Debug */,
				6A621EA32311CBE900F644BD /* Release */,
			);
			defaultConfigurationIsVisible = 0;
			defaultConfigurationName = Release;
		};
		6A7D2B212533B48700CF408A /* Build configuration list for PBXNativeTarget "ViewModel" */ = {
			isa = XCConfigurationList;
			buildConfigurations = (
				6A7D2B1D2533B48700CF408A /* Debug */,
				6A7D2B1E2533B48700CF408A /* Release */,
			);
			defaultConfigurationIsVisible = 0;
			defaultConfigurationName = Release;
		};
		6A7D2B222533B48700CF408A /* Build configuration list for PBXNativeTarget "ViewModelTests" */ = {
			isa = XCConfigurationList;
			buildConfigurations = (
				6A7D2B1F2533B48700CF408A /* Debug */,
				6A7D2B202533B48700CF408A /* Release */,
			);
			defaultConfigurationIsVisible = 0;
			defaultConfigurationName = Release;
		};
		6A7D2C042535F5CD00CF408A /* Build configuration list for PBXNativeTarget "View" */ = {
			isa = XCConfigurationList;
			buildConfigurations = (
				6A7D2C052535F5CD00CF408A /* Debug */,
				6A7D2C062535F5CD00CF408A /* Release */,
			);
			defaultConfigurationIsVisible = 0;
			defaultConfigurationName = Release;
		};
		6A7D2C072535F5CD00CF408A /* Build configuration list for PBXNativeTarget "ViewTests" */ = {
			isa = XCConfigurationList;
			buildConfigurations = (
				6A7D2C082535F5CD00CF408A /* Debug */,
				6A7D2C092535F5CD00CF408A /* Release */,
			);
			defaultConfigurationIsVisible = 0;
			defaultConfigurationName = Release;
		};
		6A7D2C0A2535F5CD00CF408A /* Build configuration list for PBXNativeTarget "ViewUITests" */ = {
			isa = XCConfigurationList;
			buildConfigurations = (
				6A7D2C0B2535F5CD00CF408A /* Debug */,
				6A7D2C0C2535F5CD00CF408A /* Release */,
			);
			defaultConfigurationIsVisible = 0;
			defaultConfigurationName = Release;
		};
/* End XCConfigurationList section */

/* Begin XCRemoteSwiftPackageReference section */
		6A476AAC2533A51D00B6FD16 /* XCRemoteSwiftPackageReference "Alamofire" */ = {
			isa = XCRemoteSwiftPackageReference;
			repositoryURL = "https://github.com/Alamofire/Alamofire";
			requirement = {
				kind = upToNextMajorVersion;
				minimumVersion = 5.2.2;
			};
		};
		6A7D2B4A2533B8DB00CF408A /* XCRemoteSwiftPackageReference "RxSwift" */ = {
			isa = XCRemoteSwiftPackageReference;
			repositoryURL = "https://github.com/ReactiveX/RxSwift";
			requirement = {
				kind = upToNextMajorVersion;
				minimumVersion = 5.1.1;
			};
		};
		6A7D2C44253623FC00CF408A /* XCRemoteSwiftPackageReference "Kingfisher" */ = {
			isa = XCRemoteSwiftPackageReference;
			repositoryURL = "https://github.com/onevcat/Kingfisher";
			requirement = {
				kind = upToNextMajorVersion;
				minimumVersion = 5.15.6;
			};
		};
/* End XCRemoteSwiftPackageReference section */

/* Begin XCSwiftPackageProductDependency section */
		6A476AAD2533A51D00B6FD16 /* Alamofire */ = {
			isa = XCSwiftPackageProductDependency;
			package = 6A476AAC2533A51D00B6FD16 /* XCRemoteSwiftPackageReference "Alamofire" */;
			productName = Alamofire;
		};
		6A7D2B4B2533B8DB00CF408A /* RxSwift */ = {
			isa = XCSwiftPackageProductDependency;
			package = 6A7D2B4A2533B8DB00CF408A /* XCRemoteSwiftPackageReference "RxSwift" */;
			productName = RxSwift;
		};
		6A7D2B4D2533B8DB00CF408A /* RxCocoa */ = {
			isa = XCSwiftPackageProductDependency;
			package = 6A7D2B4A2533B8DB00CF408A /* XCRemoteSwiftPackageReference "RxSwift" */;
			productName = RxCocoa;
		};
		6A7D2C45253623FC00CF408A /* Kingfisher */ = {
			isa = XCSwiftPackageProductDependency;
			package = 6A7D2C44253623FC00CF408A /* XCRemoteSwiftPackageReference "Kingfisher" */;
			productName = Kingfisher;
		};
/* End XCSwiftPackageProductDependency section */
	};
	rootObject = 6A621E712311CBE300F644BD /* Project object */;
}
